
Microsoft Visual Studio Solution File, Format Version 12.00
# Visual Studio Version 16
VisualStudioVersion = 16.0.31729.503
MinimumVisualStudioVersion = 10.0.40219.1
Project("{FAE04EC0-301F-11D3-BF4B-00C04F79EFBC}") = "introNetCore", "introNetCore\introNetCore.csproj", "{EEE81070-00A6-46A3-AC47-F69E06AD35A7}"
EndProject
Global
	GlobalSection(SolutionConfigurationPlatforms) = preSolution
		Debug|Any CPU = Debug|Any CPU
		Release|Any CPU = Release|Any CPU
	EndGlobalSection
	GlobalSection(ProjectConfigurationPlatforms) = postSolution
		{EEE81070-00A6-46A3-AC47-F69E06AD35A7}.Debug|Any CPU.ActiveCfg = Debug|Any CPU
		{EEE81070-00A6-46A3-AC47-F69E06AD35A7}.Debug|Any CPU.Build.0 = Debug|Any CPU
		{EEE81070-00A6-46A3-AC47-F69E06AD35A7}.Release|Any CPU.ActiveCfg = Release|Any CPU
		{EEE81070-00A6-46A3-AC47-F69E06AD35A7}.Release|Any CPU.Build.0 = Release|Any CPU
	EndGlobalSection
	GlobalSection(SolutionProperties) = preSolution
		HideSolutionNode = FALSE
	EndGlobalSection
	GlobalSection(ExtensibilityGlobals) = postSolution
		SolutionGuid = {6AF87C63-210B-42AF-91F3-3C97E2ABCB85}
	EndGlobalSection
EndGlobal
