
Microsoft Visual Studio Solution File, Format Version 12.00
# Visual Studio Version 16
VisualStudioVersion = 16.0.31729.503
MinimumVisualStudioVersion = 10.0.40219.1
Project("{FAE04EC0-301F-11D3-BF4B-00C04F79EFBC}") = "DiifferenceLIDI", "DiifferenceLIDI\DiifferenceLIDI.csproj", "{18ACE56C-7B32-480D-A759-78D5D9EC667C}"
EndProject
Global
	GlobalSection(SolutionConfigurationPlatforms) = preSolution
		Debug|Any CPU = Debug|Any CPU
		Release|Any CPU = Release|Any CPU
	EndGlobalSection
	GlobalSection(ProjectConfigurationPlatforms) = postSolution
		{18ACE56C-7B32-480D-A759-78D5D9EC667C}.Debug|Any CPU.ActiveCfg = Debug|Any CPU
		{18ACE56C-7B32-480D-A759-78D5D9EC667C}.Debug|Any CPU.Build.0 = Debug|Any CPU
		{18ACE56C-7B32-480D-A759-78D5D9EC667C}.Release|Any CPU.ActiveCfg = Release|Any CPU
		{18ACE56C-7B32-480D-A759-78D5D9EC667C}.Release|Any CPU.Build.0 = Release|Any CPU
	EndGlobalSection
	GlobalSection(SolutionProperties) = preSolution
		HideSolutionNode = FALSE
	EndGlobalSection
	GlobalSection(ExtensibilityGlobals) = postSolution
		SolutionGuid = {BFA1FA17-EFAC-4CAF-9E37-B29B48C5B34A}
	EndGlobalSection
EndGlobal
