
Microsoft Visual Studio Solution File, Format Version 12.00
# Visual Studio Version 16
VisualStudioVersion = 16.0.31729.503
MinimumVisualStudioVersion = 10.0.40219.1
Project("{9A19103F-16F7-4668-BE54-9A1E7A4F7556}") = "miniShop", "miniShop\miniShop.csproj", "{FE340B2F-4348-4817-BC15-689AAC571809}"
EndProject
Project("{9A19103F-16F7-4668-BE54-9A1E7A4F7556}") = "miniShop.Business", "miniShop.Business\miniShop.Business.csproj", "{9903F70B-74CA-475A-B775-56681D824B00}"
EndProject
Project("{9A19103F-16F7-4668-BE54-9A1E7A4F7556}") = "miniShop.Entities", "miniShop.Entities\miniShop.Entities.csproj", "{F5D6A518-142F-4865-8160-D4142ECCE316}"
EndProject
Project("{9A19103F-16F7-4668-BE54-9A1E7A4F7556}") = "miniShop.DataAccess", "miniShop.DataAccess\miniShop.DataAccess.csproj", "{20CFE194-ACAB-45CA-943B-633F073C24C5}"
EndProject
Project("{FAE04EC0-301F-11D3-BF4B-00C04F79EFBC}") = "miniShop.API", "miniShop.API\miniShop.API.csproj", "{FA33BA1D-04BB-4195-9374-6BBA2840ACB0}"
EndProject
Global
	GlobalSection(SolutionConfigurationPlatforms) = preSolution
		Debug|Any CPU = Debug|Any CPU
		Release|Any CPU = Release|Any CPU
	EndGlobalSection
	GlobalSection(ProjectConfigurationPlatforms) = postSolution
		{FE340B2F-4348-4817-BC15-689AAC571809}.Debug|Any CPU.ActiveCfg = Debug|Any CPU
		{FE340B2F-4348-4817-BC15-689AAC571809}.Debug|Any CPU.Build.0 = Debug|Any CPU
		{FE340B2F-4348-4817-BC15-689AAC571809}.Release|Any CPU.ActiveCfg = Release|Any CPU
		{FE340B2F-4348-4817-BC15-689AAC571809}.Release|Any CPU.Build.0 = Release|Any CPU
		{9903F70B-74CA-475A-B775-56681D824B00}.Debug|Any CPU.ActiveCfg = Debug|Any CPU
		{9903F70B-74CA-475A-B775-56681D824B00}.Debug|Any CPU.Build.0 = Debug|Any CPU
		{9903F70B-74CA-475A-B775-56681D824B00}.Release|Any CPU.ActiveCfg = Release|Any CPU
		{9903F70B-74CA-475A-B775-56681D824B00}.Release|Any CPU.Build.0 = Release|Any CPU
		{F5D6A518-142F-4865-8160-D4142ECCE316}.Debug|Any CPU.ActiveCfg = Debug|Any CPU
		{F5D6A518-142F-4865-8160-D4142ECCE316}.Debug|Any CPU.Build.0 = Debug|Any CPU
		{F5D6A518-142F-4865-8160-D4142ECCE316}.Release|Any CPU.ActiveCfg = Release|Any CPU
		{F5D6A518-142F-4865-8160-D4142ECCE316}.Release|Any CPU.Build.0 = Release|Any CPU
		{20CFE194-ACAB-45CA-943B-633F073C24C5}.Debug|Any CPU.ActiveCfg = Debug|Any CPU
		{20CFE194-ACAB-45CA-943B-633F073C24C5}.Debug|Any CPU.Build.0 = Debug|Any CPU
		{20CFE194-ACAB-45CA-943B-633F073C24C5}.Release|Any CPU.ActiveCfg = Release|Any CPU
		{20CFE194-ACAB-45CA-943B-633F073C24C5}.Release|Any CPU.Build.0 = Release|Any CPU
		{FA33BA1D-04BB-4195-9374-6BBA2840ACB0}.Debug|Any CPU.ActiveCfg = Debug|Any CPU
		{FA33BA1D-04BB-4195-9374-6BBA2840ACB0}.Debug|Any CPU.Build.0 = Debug|Any CPU
		{FA33BA1D-04BB-4195-9374-6BBA2840ACB0}.Release|Any CPU.ActiveCfg = Release|Any CPU
		{FA33BA1D-04BB-4195-9374-6BBA2840ACB0}.Release|Any CPU.Build.0 = Release|Any CPU
	EndGlobalSection
	GlobalSection(SolutionProperties) = preSolution
		HideSolutionNode = FALSE
	EndGlobalSection
	GlobalSection(ExtensibilityGlobals) = postSolution
		SolutionGuid = {525C5ED2-0C4C-436F-B683-A0F713CD2775}
	EndGlobalSection
EndGlobal
